
Microsoft Visual Studio Solution File, Format Version 12.00
# Visual Studio Version 16
VisualStudioVersion = 16.0.31729.503
MinimumVisualStudioVersion = 10.0.40219.1
Project("{FAE04EC0-301F-11D3-BF4B-00C04F79EFBC}") = "img_check", "img_check\img_check.csproj", "{3446D60F-D998-437B-A733-9DDB1AD644A0}"
EndProject
Global
	GlobalSection(SolutionConfigurationPlatforms) = preSolution
		Debug|Any CPU = Debug|Any CPU
		Release|Any CPU = Release|Any CPU
	EndGlobalSection
	GlobalSection(ProjectConfigurationPlatforms) = postSolution
		{3446D60F-D998-437B-A733-9DDB1AD644A0}.Debug|Any CPU.ActiveCfg = Debug|Any CPU
		{3446D60F-D998-437B-A733-9DDB1AD644A0}.Debug|Any CPU.Build.0 = Debug|Any CPU
		{3446D60F-D998-437B-A733-9DDB1AD644A0}.Release|Any CPU.ActiveCfg = Release|Any CPU
		{3446D60F-D998-437B-A733-9DDB1AD644A0}.Release|Any CPU.Build.0 = Release|Any CPU
	EndGlobalSection
	GlobalSection(SolutionProperties) = preSolution
		HideSolutionNode = FALSE
	EndGlobalSection
	GlobalSection(ExtensibilityGlobals) = postSolution
		SolutionGuid = {C83B56A7-FFE1-4CB3-8BC1-733C0149FFF1}
	EndGlobalSection
EndGlobal
